
Microsoft Visual Studio Solution File, Format Version 12.00
# Visual Studio 14
VisualStudioVersion = 14.0.23107.0
MinimumVisualStudioVersion = 10.0.40219.1
Project("{FAE04EC0-301F-11D3-BF4B-00C04F79EFBC}") = "wendy_properties_VA_DOMAIN", "wendy_properties_VA_DOMAIN\wendy_properties_VA_DOMAIN.csproj", "{9ADA18E9-F35F-421F-81C0-541A4B5994F4}"
EndProject
Project("{FAE04EC0-301F-11D3-BF4B-00C04F79EFBC}") = "wendy_properties_VA_WEBUI", "wendy_properties_VA_WEBUI\wendy_properties_VA_WEBUI.csproj", "{1237E44F-E6A3-403B-A178-926BAEBDCC8C}"
EndProject
Project("{FAE04EC0-301F-11D3-BF4B-00C04F79EFBC}") = "wendy_properties_VA_WEBUI.Tests", "wendy_properties_VA_WEBUI.Tests\wendy_properties_VA_WEBUI.Tests.csproj", "{4E10D474-D905-497E-AF9B-58FE1CA0A346}"
EndProject
Global
	GlobalSection(SolutionConfigurationPlatforms) = preSolution
		Debug|Any CPU = Debug|Any CPU
		Release|Any CPU = Release|Any CPU
	EndGlobalSection
	GlobalSection(ProjectConfigurationPlatforms) = postSolution
		{9ADA18E9-F35F-421F-81C0-541A4B5994F4}.Debug|Any CPU.ActiveCfg = Debug|Any CPU
		{9ADA18E9-F35F-421F-81C0-541A4B5994F4}.Debug|Any CPU.Build.0 = Debug|Any CPU
		{9ADA18E9-F35F-421F-81C0-541A4B5994F4}.Release|Any CPU.ActiveCfg = Release|Any CPU
		{9ADA18E9-F35F-421F-81C0-541A4B5994F4}.Release|Any CPU.Build.0 = Release|Any CPU
		{1237E44F-E6A3-403B-A178-926BAEBDCC8C}.Debug|Any CPU.ActiveCfg = Debug|Any CPU
		{1237E44F-E6A3-403B-A178-926BAEBDCC8C}.Debug|Any CPU.Build.0 = Debug|Any CPU
		{1237E44F-E6A3-403B-A178-926BAEBDCC8C}.Release|Any CPU.ActiveCfg = Release|Any CPU
		{1237E44F-E6A3-403B-A178-926BAEBDCC8C}.Release|Any CPU.Build.0 = Release|Any CPU
		{4E10D474-D905-497E-AF9B-58FE1CA0A346}.Debug|Any CPU.ActiveCfg = Debug|Any CPU
		{4E10D474-D905-497E-AF9B-58FE1CA0A346}.Debug|Any CPU.Build.0 = Debug|Any CPU
		{4E10D474-D905-497E-AF9B-58FE1CA0A346}.Release|Any CPU.ActiveCfg = Release|Any CPU
		{4E10D474-D905-497E-AF9B-58FE1CA0A346}.Release|Any CPU.Build.0 = Release|Any CPU
	EndGlobalSection
	GlobalSection(SolutionProperties) = preSolution
		HideSolutionNode = FALSE
	EndGlobalSection
EndGlobal
